{
  "nodes": {
    "flake-utils": {
      "locked": {
        "lastModified": 1667395993,
        "narHash": "sha256-nuEHfE/LcWyuSWnS8t12N1wc105Qtau+/OdUAjtQ0rA=",
        "owner": "numtide",
        "repo": "flake-utils",
        "rev": "5aed5285a952e0b949eb3ba02c12fa4fcfef535f",
        "type": "github"
      },
      "original": {
        "owner": "numtide",
        "repo": "flake-utils",
        "type": "github"
      }
    },
    "home-manager": {
      "inputs": {
        "nixpkgs": [
          "nixpkgs"
        ],
        "utils": "utils"
      },
      "locked": {
        "lastModified": 1671459164,
        "narHash": "sha256-RbkDnvLV7WjbiF4Dpiezrf8kXxwieQXAVtY8ciRQj6Q=",
        "owner": "nix-community",
        "repo": "home-manager",
        "rev": "e7eba9cc46547ae86642ad3c6a9a4fb22c07bc26",
        "type": "github"
      },
      "original": {
        "owner": "nix-community",
        "ref": "master",
        "repo": "home-manager",
        "type": "github"
      }
    },
    "hyprland": {
      "inputs": {
        "hyprland-protocols": "hyprland-protocols",
        "nixpkgs": [
          "nixpkgs"
        ],
        "wlroots": "wlroots",
        "xdph": "xdph"
      },
      "locked": {
        "lastModified": 1671461359,
        "narHash": "sha256-uHoaa0hEII2qvnS7EsVhOCw1rzmSlKkXMehWL+bAdPg=",
        "owner": "hyprwm",
        "repo": "hyprland",
        "rev": "668cc93962c738d791993e581443273eaca05086",
        "type": "github"
      },
      "original": {
        "owner": "hyprwm",
        "repo": "hyprland",
        "type": "github"
      }
    },
    "hyprland-protocols": {
      "flake": false,
      "locked": {
        "lastModified": 1670703428,
        "narHash": "sha256-4KUW5SKR0Y9uaYGcYwy53YJ3B/sgiprCL4fRGO+mpOA=",
        "owner": "hyprwm",
        "repo": "hyprland-protocols",
        "rev": "d0d6db8cb5bef6d93ca3ad8fb2124964173396da",
        "type": "github"
      },
      "original": {
        "owner": "hyprwm",
        "repo": "hyprland-protocols",
        "type": "github"
      }
    },
    "hyprland-protocols_2": {
      "flake": false,
      "locked": {
        "lastModified": 1670703428,
        "narHash": "sha256-4KUW5SKR0Y9uaYGcYwy53YJ3B/sgiprCL4fRGO+mpOA=",
        "owner": "hyprwm",
        "repo": "hyprland-protocols",
        "rev": "d0d6db8cb5bef6d93ca3ad8fb2124964173396da",
        "type": "github"
      },
      "original": {
        "owner": "hyprwm",
        "repo": "hyprland-protocols",
        "type": "github"
      }
    },
    "hyprpicker": {
      "inputs": {
        "nixpkgs": "nixpkgs"
      },
      "locked": {
        "lastModified": 1671317805,
        "narHash": "sha256-2QCG3VuZngxfkOZ4RSnr3rvRNhz1UPqMYMuYBriLMBk=",
        "owner": "hyprwm",
        "repo": "hyprpicker",
        "rev": "aa3c2acd5923d3c4a60255b630a75c260cce2553",
        "type": "github"
      },
      "original": {
        "owner": "hyprwm",
        "repo": "hyprpicker",
        "type": "github"
      }
    },
    "nixos-hardware": {
      "locked": {
        "lastModified": 1671455302,
        "narHash": "sha256-4nqEGeNviqPJy9IBd6Bi21ABz5z3Rdgo7IhbwBAmwYE=",
        "owner": "NixOS",
        "repo": "nixos-hardware",
        "rev": "7a1b9419c9430558481d8cc117e9906fd272eaa5",
        "type": "github"
      },
      "original": {
        "owner": "NixOS",
        "ref": "master",
        "repo": "nixos-hardware",
        "type": "github"
      }
    },
    "nixpkgs": {
      "locked": {
        "lastModified": 1662019588,
        "narHash": "sha256-oPEjHKGGVbBXqwwL+UjsveJzghWiWV0n9ogo1X6l4cw=",
        "owner": "NixOS",
        "repo": "nixpkgs",
        "rev": "2da64a81275b68fdad38af669afeda43d401e94b",
        "type": "github"
      },
      "original": {
        "owner": "NixOS",
        "ref": "nixos-unstable",
        "repo": "nixpkgs",
        "type": "github"
      }
    },
    "nixpkgs-unstable": {
      "locked": {
        "lastModified": 1671464201,
        "narHash": "sha256-ITqTidMt2ugf+FOdDae58hK9mbwAEgWTmDoCFE8xJ6c=",
        "owner": "NixOS",
        "repo": "nixpkgs",
        "rev": "0ec294ab031d731bdb957e4b94411802764c55ed",
        "type": "github"
      },
      "original": {
        "owner": "NixOS",
        "ref": "master",
        "repo": "nixpkgs",
        "type": "github"
      }
    },
    "nixpkgs_2": {
      "locked": {
        "lastModified": 1671359686,
        "narHash": "sha256-3MpC6yZo+Xn9cPordGz2/ii6IJpP2n8LE8e/ebUXLrs=",
        "owner": "NixOS",
        "repo": "nixpkgs",
        "rev": "04f574a1c0fde90b51bf68198e2297ca4e7cccf4",
        "type": "github"
      },
      "original": {
        "owner": "NixOS",
        "ref": "nixos-unstable",
        "repo": "nixpkgs",
        "type": "github"
      }
    },
    "root": {
      "inputs": {
        "flake-utils": "flake-utils",
        "home-manager": "home-manager",
        "hyprland": "hyprland",
        "hyprpicker": "hyprpicker",
        "nixos-hardware": "nixos-hardware",
        "nixpkgs": "nixpkgs_2",
        "nixpkgs-unstable": "nixpkgs-unstable"
      }
    },
    "utils": {
      "locked": {
        "lastModified": 1667395993,
        "narHash": "sha256-nuEHfE/LcWyuSWnS8t12N1wc105Qtau+/OdUAjtQ0rA=",
        "owner": "numtide",
        "repo": "flake-utils",
        "rev": "5aed5285a952e0b949eb3ba02c12fa4fcfef535f",
        "type": "github"
      },
      "original": {
        "owner": "numtide",
        "repo": "flake-utils",
        "type": "github"
      }
    },
    "wlroots": {
      "flake": false,
      "locked": {
        "host": "gitlab.freedesktop.org",
        "lastModified": 1669925104,
        "narHash": "sha256-xMHfW+/G9MieN/5tXHUA5/ztE8dkE093cNFTEUgcwxI=",
        "owner": "wlroots",
        "repo": "wlroots",
        "rev": "c8eb24d30e18c165728b8788a10716611c3b633d",
        "type": "gitlab"
      },
      "original": {
        "host": "gitlab.freedesktop.org",
        "owner": "wlroots",
        "repo": "wlroots",
        "type": "gitlab"
      }
    },
    "xdph": {
      "inputs": {
        "hyprland-protocols": "hyprland-protocols_2",
        "nixpkgs": [
          "hyprland",
          "nixpkgs"
        ]
      },
      "locked": {
        "lastModified": 1670892912,
        "narHash": "sha256-HC1qHrGXivdzNlWuuWcxX/P7OkNrlLbhzaqLx0mslPA=",
        "owner": "hyprwm",
        "repo": "xdg-desktop-portal-hyprland",
        "rev": "9fb4fae94b9bd80395c193dcaf6fdf740550cff1",
        "type": "github"
      },
      "original": {
        "owner": "hyprwm",
        "repo": "xdg-desktop-portal-hyprland",
        "type": "github"
      }
    }
  },
  "root": "root",
  "version": 7
}
